
Microsoft Visual Studio Solution File, Format Version 12.00
# Visual Studio Version 17
VisualStudioVersion = 17.2.32616.157
MinimumVisualStudioVersion = 10.0.40219.1
Project("{888888A0-9F3D-457C-B088-3A5042F75D52}") = "SHT4X", "SHT4X\SHT4X.pyproj", "{2B3BCC89-AE00-4FDA-AB52-5B4A81C2B9BD}"
EndProject
Global
	GlobalSection(SolutionConfigurationPlatforms) = preSolution
		Debug|Any CPU = Debug|Any CPU
		Release|Any CPU = Release|Any CPU
	EndGlobalSection
	GlobalSection(ProjectConfigurationPlatforms) = postSolution
		{2B3BCC89-AE00-4FDA-AB52-5B4A81C2B9BD}.Debug|Any CPU.ActiveCfg = Debug|Any CPU
		{2B3BCC89-AE00-4FDA-AB52-5B4A81C2B9BD}.Release|Any CPU.ActiveCfg = Release|Any CPU
	EndGlobalSection
	GlobalSection(SolutionProperties) = preSolution
		HideSolutionNode = FALSE
	EndGlobalSection
	GlobalSection(ExtensibilityGlobals) = postSolution
		SolutionGuid = {8D2ED1A8-8D23-4F77-9A70-EC2040C910D4}
	EndGlobalSection
EndGlobal
